
Microsoft Visual Studio Solution File, Format Version 12.00
# Visual Studio Version 17
VisualStudioVersion = 17.7.34018.315
MinimumVisualStudioVersion = 10.0.40219.1
Project("{FAE04EC0-301F-11D3-BF4B-00C04F79EFBC}") = "LAB 13.1", "LAB 13.1\LAB 13.1.csproj", "{70BE1314-A0A1-4007-BD8C-EF58257714DD}"
EndProject
Global
	GlobalSection(SolutionConfigurationPlatforms) = preSolution
		Debug|Any CPU = Debug|Any CPU
		Release|Any CPU = Release|Any CPU
	EndGlobalSection
	GlobalSection(ProjectConfigurationPlatforms) = postSolution
		{70BE1314-A0A1-4007-BD8C-EF58257714DD}.Debug|Any CPU.ActiveCfg = Debug|Any CPU
		{70BE1314-A0A1-4007-BD8C-EF58257714DD}.Debug|Any CPU.Build.0 = Debug|Any CPU
		{70BE1314-A0A1-4007-BD8C-EF58257714DD}.Release|Any CPU.ActiveCfg = Release|Any CPU
		{70BE1314-A0A1-4007-BD8C-EF58257714DD}.Release|Any CPU.Build.0 = Release|Any CPU
	EndGlobalSection
	GlobalSection(SolutionProperties) = preSolution
		HideSolutionNode = FALSE
	EndGlobalSection
	GlobalSection(ExtensibilityGlobals) = postSolution
		SolutionGuid = {43C748EB-10D1-469F-94E7-636BC5658F27}
	EndGlobalSection
EndGlobal
